// !$*UTF8*$!
{
	archiveVersion = 1;
	classes = {
	};
	objectVersion = 50;
	objects = {

/* Begin PBXBuildFile section */
		D00AFABB24145518008CD98E /* Theme.swift in Sources */ = {isa = PBXBuildFile; fileRef = D00AFABA24145518008CD98E /* Theme.swift */; };
		D020542924118C4B0073121A /* Settings.swift in Sources */ = {isa = PBXBuildFile; fileRef = D020542824118C4B0073121A /* Settings.swift */; };
		D02BA1BA243F986800AEBA82 /* WebCacheCleaner.swift in Sources */ = {isa = PBXBuildFile; fileRef = D02BA1B9243F986700AEBA82 /* WebCacheCleaner.swift */; };
		D0319B99243F8B080046F3FA /* CustomizerViewController.swift in Sources */ = {isa = PBXBuildFile; fileRef = D0319B98243F8B080046F3FA /* CustomizerViewController.swift */; };
		D0319B9D243F8C210046F3FA /* NowPlaying.swift in Sources */ = {isa = PBXBuildFile; fileRef = D0319B9A243F8C210046F3FA /* NowPlaying.swift */; };
		D0319B9E243F8C210046F3FA /* Parser.swift in Sources */ = {isa = PBXBuildFile; fileRef = D0319B9B243F8C210046F3FA /* Parser.swift */; };
		D0319B9F243F8C210046F3FA /* Scripts.swift in Sources */ = {isa = PBXBuildFile; fileRef = D0319B9C243F8C210046F3FA /* Scripts.swift */; };
		D0319BA1243F8C890046F3FA /* WebCustomizer in Resources */ = {isa = PBXBuildFile; fileRef = D0319BA0243F8C890046F3FA /* WebCustomizer */; };
		D0319BA3243F8C9A0046F3FA /* WebCode in Resources */ = {isa = PBXBuildFile; fileRef = D0319BA2243F8C9A0046F3FA /* WebCode */; };
		D04D2F38242929E400246D6C /* Style.swift in Sources */ = {isa = PBXBuildFile; fileRef = D04D2F37242929E400246D6C /* Style.swift */; };
		D061BF02240EBE57003F0EDD /* LoginViewController.swift in Sources */ = {isa = PBXBuildFile; fileRef = D061BF01240EBE57003F0EDD /* LoginViewController.swift */; };
		D061BF04240EBE71003F0EDD /* LoginWindowController.swift in Sources */ = {isa = PBXBuildFile; fileRef = D061BF03240EBE71003F0EDD /* LoginWindowController.swift */; };
		D078FA7724465698000FDDEA /* WalkthroughViewController.swift in Sources */ = {isa = PBXBuildFile; fileRef = D078FA7624465698000FDDEA /* WalkthroughViewController.swift */; };
		D078FA79244698CD000FDDEA /* WalkthroughWindowController.swift in Sources */ = {isa = PBXBuildFile; fileRef = D078FA78244698CD000FDDEA /* WalkthroughWindowController.swift */; };
		D08BF13F243FD9D300E0A7AC /* MenuManager.swift in Sources */ = {isa = PBXBuildFile; fileRef = D08BF13E243FD9D300E0A7AC /* MenuManager.swift */; };
		D0E66AD6240EB30D005D93E2 /* AppDelegate.swift in Sources */ = {isa = PBXBuildFile; fileRef = D0E66AD5240EB30D005D93E2 /* AppDelegate.swift */; };
		D0E66AD8240EB30D005D93E2 /* ViewController.swift in Sources */ = {isa = PBXBuildFile; fileRef = D0E66AD7240EB30D005D93E2 /* ViewController.swift */; };
		D0E66ADA240EB30F005D93E2 /* Assets.xcassets in Resources */ = {isa = PBXBuildFile; fileRef = D0E66AD9240EB30F005D93E2 /* Assets.xcassets */; };
		D0E66ADD240EB30F005D93E2 /* Main.storyboard in Resources */ = {isa = PBXBuildFile; fileRef = D0E66ADB240EB30F005D93E2 /* Main.storyboard */; };
		D0E66AE6240EB37F005D93E2 /* WindowController.swift in Sources */ = {isa = PBXBuildFile; fileRef = D0E66AE5240EB37F005D93E2 /* WindowController.swift */; };
/* End PBXBuildFile section */

/* Begin PBXFileReference section */
		D00AFABA24145518008CD98E /* Theme.swift */ = {isa = PBXFileReference; lastKnownFileType = sourcecode.swift; path = Theme.swift; sourceTree = "<group>"; };
		D020542824118C4B0073121A /* Settings.swift */ = {isa = PBXFileReference; lastKnownFileType = sourcecode.swift; path = Settings.swift; sourceTree = "<group>"; };
		D02BA1B9243F986700AEBA82 /* WebCacheCleaner.swift */ = {isa = PBXFileReference; fileEncoding = 4; lastKnownFileType = sourcecode.swift; path = WebCacheCleaner.swift; sourceTree = "<group>"; };
		D0319B98243F8B080046F3FA /* CustomizerViewController.swift */ = {isa = PBXFileReference; fileEncoding = 4; lastKnownFileType = sourcecode.swift; path = CustomizerViewController.swift; sourceTree = "<group>"; };
		D0319B9A243F8C210046F3FA /* NowPlaying.swift */ = {isa = PBXFileReference; fileEncoding = 4; lastKnownFileType = sourcecode.swift; path = NowPlaying.swift; sourceTree = "<group>"; };
		D0319B9B243F8C210046F3FA /* Parser.swift */ = {isa = PBXFileReference; fileEncoding = 4; lastKnownFileType = sourcecode.swift; path = Parser.swift; sourceTree = "<group>"; };
		D0319B9C243F8C210046F3FA /* Scripts.swift */ = {isa = PBXFileReference; fileEncoding = 4; lastKnownFileType = sourcecode.swift; path = Scripts.swift; sourceTree = "<group>"; };
		D0319BA0243F8C890046F3FA /* WebCustomizer */ = {isa = PBXFileReference; lastKnownFileType = folder; path = WebCustomizer; sourceTree = "<group>"; };
		D0319BA2243F8C9A0046F3FA /* WebCode */ = {isa = PBXFileReference; lastKnownFileType = folder; path = WebCode; sourceTree = "<group>"; };
		D04D2F37242929E400246D6C /* Style.swift */ = {isa = PBXFileReference; lastKnownFileType = sourcecode.swift; path = Style.swift; sourceTree = "<group>"; };
		D061BF01240EBE57003F0EDD /* LoginViewController.swift */ = {isa = PBXFileReference; lastKnownFileType = sourcecode.swift; path = LoginViewController.swift; sourceTree = "<group>"; };
		D061BF03240EBE71003F0EDD /* LoginWindowController.swift */ = {isa = PBXFileReference; lastKnownFileType = sourcecode.swift; path = LoginWindowController.swift; sourceTree = "<group>"; };
		D078FA7624465698000FDDEA /* WalkthroughViewController.swift */ = {isa = PBXFileReference; lastKnownFileType = sourcecode.swift; path = WalkthroughViewController.swift; sourceTree = "<group>"; };
		D078FA78244698CD000FDDEA /* WalkthroughWindowController.swift */ = {isa = PBXFileReference; lastKnownFileType = sourcecode.swift; path = WalkthroughWindowController.swift; sourceTree = "<group>"; };
		D08BF13E243FD9D300E0A7AC /* MenuManager.swift */ = {isa = PBXFileReference; lastKnownFileType = sourcecode.swift; path = MenuManager.swift; sourceTree = "<group>"; };
		D0E66AD2240EB30D005D93E2 /* Themes for Music.app */ = {isa = PBXFileReference; explicitFileType = wrapper.application; includeInIndex = 0; path = "Themes for Music.app"; sourceTree = BUILT_PRODUCTS_DIR; };
		D0E66AD5240EB30D005D93E2 /* AppDelegate.swift */ = {isa = PBXFileReference; lastKnownFileType = sourcecode.swift; path = AppDelegate.swift; sourceTree = "<group>"; };
		D0E66AD7240EB30D005D93E2 /* ViewController.swift */ = {isa = PBXFileReference; lastKnownFileType = sourcecode.swift; path = ViewController.swift; sourceTree = "<group>"; };
		D0E66AD9240EB30F005D93E2 /* Assets.xcassets */ = {isa = PBXFileReference; lastKnownFileType = folder.assetcatalog; path = Assets.xcassets; sourceTree = "<group>"; };
		D0E66ADC240EB30F005D93E2 /* Base */ = {isa = PBXFileReference; lastKnownFileType = file.storyboard; name = Base; path = Base.lproj/Main.storyboard; sourceTree = "<group>"; };
		D0E66ADE240EB30F005D93E2 /* Info.plist */ = {isa = PBXFileReference; lastKnownFileType = text.plist.xml; path = Info.plist; sourceTree = "<group>"; };
		D0E66ADF240EB30F005D93E2 /* Themes_for_Music.entitlements */ = {isa = PBXFileReference; lastKnownFileType = text.plist.entitlements; path = Themes_for_Music.entitlements; sourceTree = "<group>"; };
		D0E66AE5240EB37F005D93E2 /* WindowController.swift */ = {isa = PBXFileReference; lastKnownFileType = sourcecode.swift; path = WindowController.swift; sourceTree = "<group>"; };
/* End PBXFileReference section */

/* Begin PBXFrameworksBuildPhase section */
		D0E66ACF240EB30D005D93E2 /* Frameworks */ = {
			isa = PBXFrameworksBuildPhase;
			buildActionMask = 2147483647;
			files = (
			);
			runOnlyForDeploymentPostprocessing = 0;
		};
/* End PBXFrameworksBuildPhase section */

/* Begin PBXGroup section */
		D0319B97243F8B080046F3FA /* Customizer */ = {
			isa = PBXGroup;
			children = (
				D0319B98243F8B080046F3FA /* CustomizerViewController.swift */,
			);
			path = Customizer;
			sourceTree = "<group>";
		};
		D04D2F33242924B800246D6C /* Login */ = {
			isa = PBXGroup;
			children = (
				D061BF01240EBE57003F0EDD /* LoginViewController.swift */,
				D061BF03240EBE71003F0EDD /* LoginWindowController.swift */,
			);
			path = Login;
			sourceTree = "<group>";
		};
		D04D2F34242924E900246D6C /* Themes */ = {
			isa = PBXGroup;
			children = (
				D04D2F37242929E400246D6C /* Style.swift */,
				D00AFABA24145518008CD98E /* Theme.swift */,
				D08BF13E243FD9D300E0A7AC /* MenuManager.swift */,
			);
			path = Themes;
			sourceTree = "<group>";
		};
		D04D2F352429251100246D6C /* Music */ = {
			isa = PBXGroup;
			children = (
				D0319B9A243F8C210046F3FA /* NowPlaying.swift */,
				D0319B9B243F8C210046F3FA /* Parser.swift */,
				D0319B9C243F8C210046F3FA /* Scripts.swift */,
				D020542824118C4B0073121A /* Settings.swift */,
				D02BA1B9243F986700AEBA82 /* WebCacheCleaner.swift */,
			);
			path = Music;
			sourceTree = "<group>";
		};
		D078FA752446564B000FDDEA /* Walkthrough */ = {
			isa = PBXGroup;
			children = (
				D078FA7624465698000FDDEA /* WalkthroughViewController.swift */,
				D078FA78244698CD000FDDEA /* WalkthroughWindowController.swift */,
			);
			path = Walkthrough;
			sourceTree = "<group>";
		};
		D0E66AC9240EB30D005D93E2 = {
			isa = PBXGroup;
			children = (
				D0E66AD4240EB30D005D93E2 /* Themes for Music */,
				D0E66AD3240EB30D005D93E2 /* Products */,
			);
			sourceTree = "<group>";
		};
		D0E66AD3240EB30D005D93E2 /* Products */ = {
			isa = PBXGroup;
			children = (
				D0E66AD2240EB30D005D93E2 /* Themes for Music.app */,
			);
			name = Products;
			sourceTree = "<group>";
		};
		D0E66AD4240EB30D005D93E2 /* Themes for Music */ = {
			isa = PBXGroup;
			children = (
				D0E66AD5240EB30D005D93E2 /* AppDelegate.swift */,
				D0E66AD7240EB30D005D93E2 /* ViewController.swift */,
				D0E66AE5240EB37F005D93E2 /* WindowController.swift */,
				D04D2F33242924B800246D6C /* Login */,
				D04D2F352429251100246D6C /* Music */,
				D04D2F34242924E900246D6C /* Themes */,
				D0319B97243F8B080046F3FA /* Customizer */,
				D078FA752446564B000FDDEA /* Walkthrough */,
				D0E66AD9240EB30F005D93E2 /* Assets.xcassets */,
				D0E66ADB240EB30F005D93E2 /* Main.storyboard */,
				D0319BA0243F8C890046F3FA /* WebCustomizer */,
				D0319BA2243F8C9A0046F3FA /* WebCode */,
				D0E66ADE240EB30F005D93E2 /* Info.plist */,
				D0E66ADF240EB30F005D93E2 /* Themes_for_Music.entitlements */,
			);
			path = "Themes for Music";
			sourceTree = "<group>";
		};
/* End PBXGroup section */

/* Begin PBXNativeTarget section */
		D0E66AD1240EB30D005D93E2 /* Themes for Music */ = {
			isa = PBXNativeTarget;
			buildConfigurationList = D0E66AE2240EB30F005D93E2 /* Build configuration list for PBXNativeTarget "Themes for Music" */;
			buildPhases = (
				D0E66ACE240EB30D005D93E2 /* Sources */,
				D0E66ACF240EB30D005D93E2 /* Frameworks */,
				D0E66AD0240EB30D005D93E2 /* Resources */,
			);
			buildRules = (
			);
			dependencies = (
			);
			name = "Themes for Music";
			productName = "Apple Music";
			productReference = D0E66AD2240EB30D005D93E2 /* Themes for Music.app */;
			productType = "com.apple.product-type.application";
		};
/* End PBXNativeTarget section */

/* Begin PBXProject section */
		D0E66ACA240EB30D005D93E2 /* Project object */ = {
			isa = PBXProject;
			attributes = {
				LastSwiftUpdateCheck = 1130;
				LastUpgradeCheck = 1130;
				ORGANIZATIONNAME = "Justin Bush";
				TargetAttributes = {
					D0E66AD1240EB30D005D93E2 = {
						CreatedOnToolsVersion = 11.3.1;
					};
				};
			};
			buildConfigurationList = D0E66ACD240EB30D005D93E2 /* Build configuration list for PBXProject "Themes for Music" */;
			compatibilityVersion = "Xcode 9.3";
			developmentRegion = en;
			hasScannedForEncodings = 0;
			knownRegions = (
				en,
				Base,
			);
			mainGroup = D0E66AC9240EB30D005D93E2;
			productRefGroup = D0E66AD3240EB30D005D93E2 /* Products */;
			projectDirPath = "";
			projectRoot = "";
			targets = (
				D0E66AD1240EB30D005D93E2 /* Themes for Music */,
			);
		};
/* End PBXProject section */

/* Begin PBXResourcesBuildPhase section */
		D0E66AD0240EB30D005D93E2 /* Resources */ = {
			isa = PBXResourcesBuildPhase;
			buildActionMask = 2147483647;
			files = (
				D0E66ADA240EB30F005D93E2 /* Assets.xcassets in Resources */,
				D0319BA3243F8C9A0046F3FA /* WebCode in Resources */,
				D0E66ADD240EB30F005D93E2 /* Main.storyboard in Resources */,
				D0319BA1243F8C890046F3FA /* WebCustomizer in Resources */,
			);
			runOnlyForDeploymentPostprocessing = 0;
		};
/* End PBXResourcesBuildPhase section */

/* Begin PBXSourcesBuildPhase section */
		D0E66ACE240EB30D005D93E2 /* Sources */ = {
			isa = PBXSourcesBuildPhase;
			buildActionMask = 2147483647;
			files = (
				D08BF13F243FD9D300E0A7AC /* MenuManager.swift in Sources */,
				D00AFABB24145518008CD98E /* Theme.swift in Sources */,
				D0319B99243F8B080046F3FA /* CustomizerViewController.swift in Sources */,
				D0E66AD8240EB30D005D93E2 /* ViewController.swift in Sources */,
				D061BF02240EBE57003F0EDD /* LoginViewController.swift in Sources */,
				D061BF04240EBE71003F0EDD /* LoginWindowController.swift in Sources */,
				D0319B9F243F8C210046F3FA /* Scripts.swift in Sources */,
				D0319B9D243F8C210046F3FA /* NowPlaying.swift in Sources */,
				D078FA79244698CD000FDDEA /* WalkthroughWindowController.swift in Sources */,
				D0E66AE6240EB37F005D93E2 /* WindowController.swift in Sources */,
				D078FA7724465698000FDDEA /* WalkthroughViewController.swift in Sources */,
				D0E66AD6240EB30D005D93E2 /* AppDelegate.swift in Sources */,
				D02BA1BA243F986800AEBA82 /* WebCacheCleaner.swift in Sources */,
				D04D2F38242929E400246D6C /* Style.swift in Sources */,
				D020542924118C4B0073121A /* Settings.swift in Sources */,
				D0319B9E243F8C210046F3FA /* Parser.swift in Sources */,
			);
			runOnlyForDeploymentPostprocessing = 0;
		};
/* End PBXSourcesBuildPhase section */

/* Begin PBXVariantGroup section */
		D0E66ADB240EB30F005D93E2 /* Main.storyboard */ = {
			isa = PBXVariantGroup;
			children = (
				D0E66ADC240EB30F005D93E2 /* Base */,
			);
			name = Main.storyboard;
			sourceTree = "<group>";
		};
/* End PBXVariantGroup section */

/* Begin XCBuildConfiguration section */
		D0E66AE0240EB30F005D93E2 /* Debug */ = {
			isa = XCBuildConfiguration;
			buildSettings = {
				ALWAYS_SEARCH_USER_PATHS = NO;
				CLANG_ANALYZER_NONNULL = YES;
				CLANG_ANALYZER_NUMBER_OBJECT_CONVERSION = YES_AGGRESSIVE;
				CLANG_CXX_LANGUAGE_STANDARD = "gnu++14";
				CLANG_CXX_LIBRARY = "libc++";
				CLANG_ENABLE_MODULES = YES;
				CLANG_ENABLE_OBJC_ARC = YES;
				CLANG_ENABLE_OBJC_WEAK = YES;
				CLANG_WARN_BLOCK_CAPTURE_AUTORELEASING = YES;
				CLANG_WARN_BOOL_CONVERSION = YES;
				CLANG_WARN_COMMA = YES;
				CLANG_WARN_CONSTANT_CONVERSION = YES;
				CLANG_WARN_DEPRECATED_OBJC_IMPLEMENTATIONS = YES;
				CLANG_WARN_DIRECT_OBJC_ISA_USAGE = YES_ERROR;
				CLANG_WARN_DOCUMENTATION_COMMENTS = YES;
				CLANG_WARN_EMPTY_BODY = YES;
				CLANG_WARN_ENUM_CONVERSION = YES;
				CLANG_WARN_INFINITE_RECURSION = YES;
				CLANG_WARN_INT_CONVERSION = YES;
				CLANG_WARN_NON_LITERAL_NULL_CONVERSION = YES;
				CLANG_WARN_OBJC_IMPLICIT_RETAIN_SELF = YES;
				CLANG_WARN_OBJC_LITERAL_CONVERSION = YES;
				CLANG_WARN_OBJC_ROOT_CLASS = YES_ERROR;
				CLANG_WARN_RANGE_LOOP_ANALYSIS = YES;
				CLANG_WARN_STRICT_PROTOTYPES = YES;
				CLANG_WARN_SUSPICIOUS_MOVE = YES;
				CLANG_WARN_UNGUARDED_AVAILABILITY = YES_AGGRESSIVE;
				CLANG_WARN_UNREACHABLE_CODE = YES;
				CLANG_WARN__DUPLICATE_METHOD_MATCH = YES;
				COPY_PHASE_STRIP = NO;
				DEBUG_INFORMATION_FORMAT = dwarf;
				ENABLE_STRICT_OBJC_MSGSEND = YES;
				ENABLE_TESTABILITY = YES;
				GCC_C_LANGUAGE_STANDARD = gnu11;
				GCC_DYNAMIC_NO_PIC = NO;
				GCC_NO_COMMON_BLOCKS = YES;
				GCC_OPTIMIZATION_LEVEL = 0;
				GCC_PREPROCESSOR_DEFINITIONS = (
					"DEBUG=1",
					"$(inherited)",
				);
				GCC_WARN_64_TO_32_BIT_CONVERSION = YES;
				GCC_WARN_ABOUT_RETURN_TYPE = YES_ERROR;
				GCC_WARN_UNDECLARED_SELECTOR = YES;
				GCC_WARN_UNINITIALIZED_AUTOS = YES_AGGRESSIVE;
				GCC_WARN_UNUSED_FUNCTION = YES;
				GCC_WARN_UNUSED_VARIABLE = YES;
				MACOSX_DEPLOYMENT_TARGET = 10.14;
				MTL_ENABLE_DEBUG_INFO = INCLUDE_SOURCE;
				MTL_FAST_MATH = YES;
				ONLY_ACTIVE_ARCH = YES;
				SDKROOT = macosx;
				SWIFT_ACTIVE_COMPILATION_CONDITIONS = DEBUG;
				SWIFT_OPTIMIZATION_LEVEL = "-Onone";
			};
			name = Debug;
		};
		D0E66AE1240EB30F005D93E2 /* Release */ = {
			isa = XCBuildConfiguration;
			buildSettings = {
				ALWAYS_SEARCH_USER_PATHS = NO;
				CLANG_ANALYZER_NONNULL = YES;
				CLANG_ANALYZER_NUMBER_OBJECT_CONVERSION = YES_AGGRESSIVE;
				CLANG_CXX_LANGUAGE_STANDARD = "gnu++14";
				CLANG_CXX_LIBRARY = "libc++";
				CLANG_ENABLE_MODULES = YES;
				CLANG_ENABLE_OBJC_ARC = YES;
				CLANG_ENABLE_OBJC_WEAK = YES;
				CLANG_WARN_BLOCK_CAPTURE_AUTORELEASING = YES;
				CLANG_WARN_BOOL_CONVERSION = YES;
				CLANG_WARN_COMMA = YES;
				CLANG_WARN_CONSTANT_CONVERSION = YES;
				CLANG_WARN_DEPRECATED_OBJC_IMPLEMENTATIONS = YES;
				CLANG_WARN_DIRECT_OBJC_ISA_USAGE = YES_ERROR;
				CLANG_WARN_DOCUMENTATION_COMMENTS = YES;
				CLANG_WARN_EMPTY_BODY = YES;
				CLANG_WARN_ENUM_CONVERSION = YES;
				CLANG_WARN_INFINITE_RECURSION = YES;
				CLANG_WARN_INT_CONVERSION = YES;
				CLANG_WARN_NON_LITERAL_NULL_CONVERSION = YES;
				CLANG_WARN_OBJC_IMPLICIT_RETAIN_SELF = YES;
				CLANG_WARN_OBJC_LITERAL_CONVERSION = YES;
				CLANG_WARN_OBJC_ROOT_CLASS = YES_ERROR;
				CLANG_WARN_RANGE_LOOP_ANALYSIS = YES;
				CLANG_WARN_STRICT_PROTOTYPES = YES;
				CLANG_WARN_SUSPICIOUS_MOVE = YES;
				CLANG_WARN_UNGUARDED_AVAILABILITY = YES_AGGRESSIVE;
				CLANG_WARN_UNREACHABLE_CODE = YES;
				CLANG_WARN__DUPLICATE_METHOD_MATCH = YES;
				COPY_PHASE_STRIP = NO;
				DEBUG_INFORMATION_FORMAT = "dwarf-with-dsym";
				ENABLE_NS_ASSERTIONS = NO;
				ENABLE_STRICT_OBJC_MSGSEND = YES;
				GCC_C_LANGUAGE_STANDARD = gnu11;
				GCC_NO_COMMON_BLOCKS = YES;
				GCC_WARN_64_TO_32_BIT_CONVERSION = YES;
				GCC_WARN_ABOUT_RETURN_TYPE = YES_ERROR;
				GCC_WARN_UNDECLARED_SELECTOR = YES;
				GCC_WARN_UNINITIALIZED_AUTOS = YES_AGGRESSIVE;
				GCC_WARN_UNUSED_FUNCTION = YES;
				GCC_WARN_UNUSED_VARIABLE = YES;
				MACOSX_DEPLOYMENT_TARGET = 10.14;
				MTL_ENABLE_DEBUG_INFO = NO;
				MTL_FAST_MATH = YES;
				SDKROOT = macosx;
				SWIFT_COMPILATION_MODE = wholemodule;
				SWIFT_OPTIMIZATION_LEVEL = "-O";
			};
			name = Release;
		};
		D0E66AE3240EB30F005D93E2 /* Debug */ = {
			isa = XCBuildConfiguration;
			buildSettings = {
				ASSETCATALOG_COMPILER_APPICON_NAME = AppIcon;
				CODE_SIGN_ENTITLEMENTS = "Themes for Music/Themes_for_Music.entitlements";
				CODE_SIGN_IDENTITY = "Apple Development";
				CODE_SIGN_STYLE = Automatic;
				COMBINE_HIDPI_IMAGES = YES;
				CURRENT_PROJECT_VERSION = 600;
				DEVELOPMENT_TEAM = 85N3S3DG8M;
				ENABLE_HARDENED_RUNTIME = YES;
				INFOPLIST_FILE = "$(SRCROOT)/Themes for Music/Info.plist";
				LD_RUNPATH_SEARCH_PATHS = (
					"$(inherited)",
					"@executable_path/../Frameworks",
				);
				MACOSX_DEPLOYMENT_TARGET = 10.12;
				MARKETING_VERSION = 0.50;
				PRODUCT_BUNDLE_IDENTIFIER = "ca.justinbush.Themes-for-Music";
				PRODUCT_NAME = "$(TARGET_NAME)";
				SWIFT_VERSION = 5.0;
			};
			name = Debug;
		};
		D0E66AE4240EB30F005D93E2 /* Release */ = {
			isa = XCBuildConfiguration;
			buildSettings = {
				ASSETCATALOG_COMPILER_APPICON_NAME = AppIcon;
				CODE_SIGN_ENTITLEMENTS = "Themes for Music/Themes_for_Music.entitlements";
				CODE_SIGN_IDENTITY = "Apple Development";
				CODE_SIGN_STYLE = Automatic;
				COMBINE_HIDPI_IMAGES = YES;
				CURRENT_PROJECT_VERSION = 600;
				DEVELOPMENT_TEAM = 85N3S3DG8M;
				ENABLE_HARDENED_RUNTIME = YES;
				INFOPLIST_FILE = "$(SRCROOT)/Themes for Music/Info.plist";
				LD_RUNPATH_SEARCH_PATHS = (
					"$(inherited)",
					"@executable_path/../Frameworks",
				);
				MACOSX_DEPLOYMENT_TARGET = 10.12;
				MARKETING_VERSION = 0.50;
				PRODUCT_BUNDLE_IDENTIFIER = "ca.justinbush.Themes-for-Music";
				PRODUCT_NAME = "$(TARGET_NAME)";
				SWIFT_VERSION = 5.0;
			};
			name = Release;
		};
/* End XCBuildConfiguration section */

/* Begin XCConfigurationList section */
		D0E66ACD240EB30D005D93E2 /* Build configuration list for PBXProject "Themes for Music" */ = {
			isa = XCConfigurationList;
			buildConfigurations = (
				D0E66AE0240EB30F005D93E2 /* Debug */,
				D0E66AE1240EB30F005D93E2 /* Release */,
			);
			defaultConfigurationIsVisible = 0;
			defaultConfigurationName = Release;
		};
		D0E66AE2240EB30F005D93E2 /* Build configuration list for PBXNativeTarget "Themes for Music" */ = {
			isa = XCConfigurationList;
			buildConfigurations = (
				D0E66AE3240EB30F005D93E2 /* Debug */,
				D0E66AE4240EB30F005D93E2 /* Release */,
			);
			defaultConfigurationIsVisible = 0;
			defaultConfigurationName = Release;
		};
/* End XCConfigurationList section */
	};
	rootObject = D0E66ACA240EB30D005D93E2 /* Project object */;
}
