// !$*UTF8*$!
{
	archiveVersion = 1;
	classes = {
	};
	objectVersion = 50;
	objects = {

/* Begin PBXBuildFile section */
		C200421D2678FD0200DE5CA6 /* JS+Auth.swift in Sources */ = {isa = PBXBuildFile; fileRef = C200421C2678FD0200DE5CA6 /* JS+Auth.swift */; };
		C2004224267919E300DE5CA6 /* BackButton.swift in Sources */ = {isa = PBXBuildFile; fileRef = C2004223267919E300DE5CA6 /* BackButton.swift */; };
		C2004229267A283A00DE5CA6 /* LegacyStyles.swift in Sources */ = {isa = PBXBuildFile; fileRef = C2004228267A283A00DE5CA6 /* LegacyStyles.swift */; };
		C200422C267A28FD00DE5CA6 /* Theme.swift in Sources */ = {isa = PBXBuildFile; fileRef = C200422B267A28FD00DE5CA6 /* Theme.swift */; };
		C200422E267A2A3D00DE5CA6 /* Settings.swift in Sources */ = {isa = PBXBuildFile; fileRef = C200422D267A2A3D00DE5CA6 /* Settings.swift */; };
		C2004231267A2A5800DE5CA6 /* DefaultsManager.swift in Sources */ = {isa = PBXBuildFile; fileRef = C2004230267A2A5800DE5CA6 /* DefaultsManager.swift */; };
		C2004233267A2A7F00DE5CA6 /* Keys.swift in Sources */ = {isa = PBXBuildFile; fileRef = C2004232267A2A7F00DE5CA6 /* Keys.swift */; };
		C2A923A72672687D009638C2 /* AppDelegate.swift in Sources */ = {isa = PBXBuildFile; fileRef = C2A923A62672687D009638C2 /* AppDelegate.swift */; };
		C2A923A92672687D009638C2 /* ViewController.swift in Sources */ = {isa = PBXBuildFile; fileRef = C2A923A82672687D009638C2 /* ViewController.swift */; };
		C2A923AB2672687F009638C2 /* Assets.xcassets in Resources */ = {isa = PBXBuildFile; fileRef = C2A923AA2672687F009638C2 /* Assets.xcassets */; };
		C2A923AE2672687F009638C2 /* Main.storyboard in Resources */ = {isa = PBXBuildFile; fileRef = C2A923AC2672687F009638C2 /* Main.storyboard */; };
		C2A923B726726960009638C2 /* WindowController.swift in Sources */ = {isa = PBXBuildFile; fileRef = C2A923B626726960009638C2 /* WindowController.swift */; };
		C2A923B926726B2C009638C2 /* FXView.swift in Sources */ = {isa = PBXBuildFile; fileRef = C2A923B826726B2C009638C2 /* FXView.swift */; };
		C2A923BC26726C54009638C2 /* WKConfiguration.swift in Sources */ = {isa = PBXBuildFile; fileRef = C2A923BB26726C54009638C2 /* WKConfiguration.swift */; };
		C2A923C026726CD3009638C2 /* URLDidChange.swift in Sources */ = {isa = PBXBuildFile; fileRef = C2A923BF26726CD3009638C2 /* URLDidChange.swift */; };
		C2A923C226726CEB009638C2 /* WKClient.swift in Sources */ = {isa = PBXBuildFile; fileRef = C2A923C126726CEB009638C2 /* WKClient.swift */; };
		C2A923C426726D03009638C2 /* AMService.swift in Sources */ = {isa = PBXBuildFile; fileRef = C2A923C326726D03009638C2 /* AMService.swift */; };
		C2A923C826726F14009638C2 /* WKExtensions.swift in Sources */ = {isa = PBXBuildFile; fileRef = C2A923C726726F14009638C2 /* WKExtensions.swift */; };
		C2A923CA26726F2D009638C2 /* WKCache.swift in Sources */ = {isa = PBXBuildFile; fileRef = C2A923C926726F2D009638C2 /* WKCache.swift */; };
		C2A923CE26727A8A009638C2 /* TypeSwift.swift in Sources */ = {isa = PBXBuildFile; fileRef = C2A923CD26727A8A009638C2 /* TypeSwift.swift */; };
		C2A923D126727CD7009638C2 /* TSUtility.swift in Sources */ = {isa = PBXBuildFile; fileRef = C2A923D026727CD7009638C2 /* TSUtility.swift */; };
		C2A923D426727D0D009638C2 /* TSConfig.swift in Sources */ = {isa = PBXBuildFile; fileRef = C2A923D326727D0D009638C2 /* TSConfig.swift */; };
		C2A923D626727E06009638C2 /* JSUtility.swift in Sources */ = {isa = PBXBuildFile; fileRef = C2A923D526727E06009638C2 /* JSUtility.swift */; };
		C2A923DA26727EE1009638C2 /* dist in Resources */ = {isa = PBXBuildFile; fileRef = C2A923D926727EE1009638C2 /* dist */; };
		C2A923DE267283BD009638C2 /* DebugMenu.swift in Sources */ = {isa = PBXBuildFile; fileRef = C2A923DD267283BD009638C2 /* DebugMenu.swift */; };
		C2A923E12672840A009638C2 /* WK+JavaScript.swift in Sources */ = {isa = PBXBuildFile; fileRef = C2A923E02672840A009638C2 /* WK+JavaScript.swift */; };
		C2B55C052687B0EB00BF9A33 /* CustomizerViewController.swift in Sources */ = {isa = PBXBuildFile; fileRef = C2B55C042687B0EB00BF9A33 /* CustomizerViewController.swift */; };
		C2B55C082687B27F00BF9A33 /* WebContent in Resources */ = {isa = PBXBuildFile; fileRef = C2B55C072687B27F00BF9A33 /* WebContent */; };
/* End PBXBuildFile section */

/* Begin PBXFileReference section */
		C200421C2678FD0200DE5CA6 /* JS+Auth.swift */ = {isa = PBXFileReference; lastKnownFileType = sourcecode.swift; path = "JS+Auth.swift"; sourceTree = "<group>"; };
		C2004223267919E300DE5CA6 /* BackButton.swift */ = {isa = PBXFileReference; lastKnownFileType = sourcecode.swift; path = BackButton.swift; sourceTree = "<group>"; };
		C2004228267A283A00DE5CA6 /* LegacyStyles.swift */ = {isa = PBXFileReference; lastKnownFileType = sourcecode.swift; path = LegacyStyles.swift; sourceTree = "<group>"; };
		C200422B267A28FD00DE5CA6 /* Theme.swift */ = {isa = PBXFileReference; lastKnownFileType = sourcecode.swift; path = Theme.swift; sourceTree = "<group>"; };
		C200422D267A2A3D00DE5CA6 /* Settings.swift */ = {isa = PBXFileReference; lastKnownFileType = sourcecode.swift; path = Settings.swift; sourceTree = "<group>"; };
		C2004230267A2A5800DE5CA6 /* DefaultsManager.swift */ = {isa = PBXFileReference; lastKnownFileType = sourcecode.swift; path = DefaultsManager.swift; sourceTree = "<group>"; };
		C2004232267A2A7F00DE5CA6 /* Keys.swift */ = {isa = PBXFileReference; lastKnownFileType = sourcecode.swift; path = Keys.swift; sourceTree = "<group>"; };
		C2A923A32672687D009638C2 /* Ultra.app */ = {isa = PBXFileReference; explicitFileType = wrapper.application; includeInIndex = 0; path = Ultra.app; sourceTree = BUILT_PRODUCTS_DIR; };
		C2A923A62672687D009638C2 /* AppDelegate.swift */ = {isa = PBXFileReference; lastKnownFileType = sourcecode.swift; path = AppDelegate.swift; sourceTree = "<group>"; };
		C2A923A82672687D009638C2 /* ViewController.swift */ = {isa = PBXFileReference; lastKnownFileType = sourcecode.swift; path = ViewController.swift; sourceTree = "<group>"; };
		C2A923AA2672687F009638C2 /* Assets.xcassets */ = {isa = PBXFileReference; lastKnownFileType = folder.assetcatalog; path = Assets.xcassets; sourceTree = "<group>"; };
		C2A923AD2672687F009638C2 /* Base */ = {isa = PBXFileReference; lastKnownFileType = file.storyboard; name = Base; path = Base.lproj/Main.storyboard; sourceTree = "<group>"; };
		C2A923AF2672687F009638C2 /* Info.plist */ = {isa = PBXFileReference; lastKnownFileType = text.plist.xml; path = Info.plist; sourceTree = "<group>"; };
		C2A923B02672687F009638C2 /* Ultra.entitlements */ = {isa = PBXFileReference; lastKnownFileType = text.plist.entitlements; path = Ultra.entitlements; sourceTree = "<group>"; };
		C2A923B626726960009638C2 /* WindowController.swift */ = {isa = PBXFileReference; lastKnownFileType = sourcecode.swift; path = WindowController.swift; sourceTree = "<group>"; };
		C2A923B826726B2C009638C2 /* FXView.swift */ = {isa = PBXFileReference; lastKnownFileType = sourcecode.swift; path = FXView.swift; sourceTree = "<group>"; };
		C2A923BB26726C54009638C2 /* WKConfiguration.swift */ = {isa = PBXFileReference; lastKnownFileType = sourcecode.swift; path = WKConfiguration.swift; sourceTree = "<group>"; };
		C2A923BF26726CD3009638C2 /* URLDidChange.swift */ = {isa = PBXFileReference; lastKnownFileType = sourcecode.swift; path = URLDidChange.swift; sourceTree = "<group>"; };
		C2A923C126726CEB009638C2 /* WKClient.swift */ = {isa = PBXFileReference; lastKnownFileType = sourcecode.swift; path = WKClient.swift; sourceTree = "<group>"; };
		C2A923C326726D03009638C2 /* AMService.swift */ = {isa = PBXFileReference; lastKnownFileType = sourcecode.swift; path = AMService.swift; sourceTree = "<group>"; };
		C2A923C726726F14009638C2 /* WKExtensions.swift */ = {isa = PBXFileReference; lastKnownFileType = sourcecode.swift; path = WKExtensions.swift; sourceTree = "<group>"; };
		C2A923C926726F2D009638C2 /* WKCache.swift */ = {isa = PBXFileReference; lastKnownFileType = sourcecode.swift; path = WKCache.swift; sourceTree = "<group>"; };
		C2A923CD26727A8A009638C2 /* TypeSwift.swift */ = {isa = PBXFileReference; lastKnownFileType = sourcecode.swift; path = TypeSwift.swift; sourceTree = "<group>"; };
		C2A923D026727CD7009638C2 /* TSUtility.swift */ = {isa = PBXFileReference; lastKnownFileType = sourcecode.swift; path = TSUtility.swift; sourceTree = "<group>"; };
		C2A923D326727D0D009638C2 /* TSConfig.swift */ = {isa = PBXFileReference; lastKnownFileType = sourcecode.swift; path = TSConfig.swift; sourceTree = "<group>"; };
		C2A923D526727E06009638C2 /* JSUtility.swift */ = {isa = PBXFileReference; lastKnownFileType = sourcecode.swift; path = JSUtility.swift; sourceTree = "<group>"; };
		C2A923D926727EE1009638C2 /* dist */ = {isa = PBXFileReference; lastKnownFileType = folder; name = dist; path = ../../../TypeSwift/dist; sourceTree = "<group>"; };
		C2A923DD267283BD009638C2 /* DebugMenu.swift */ = {isa = PBXFileReference; lastKnownFileType = sourcecode.swift; path = DebugMenu.swift; sourceTree = "<group>"; };
		C2A923E02672840A009638C2 /* WK+JavaScript.swift */ = {isa = PBXFileReference; lastKnownFileType = sourcecode.swift; path = "WK+JavaScript.swift"; sourceTree = "<group>"; };
		C2B55C042687B0EB00BF9A33 /* CustomizerViewController.swift */ = {isa = PBXFileReference; lastKnownFileType = sourcecode.swift; path = CustomizerViewController.swift; sourceTree = "<group>"; };
		C2B55C072687B27F00BF9A33 /* WebContent */ = {isa = PBXFileReference; lastKnownFileType = folder; path = WebContent; sourceTree = "<group>"; };
/* End PBXFileReference section */

/* Begin PBXFrameworksBuildPhase section */
		C2A923A02672687D009638C2 /* Frameworks */ = {
			isa = PBXFrameworksBuildPhase;
			buildActionMask = 2147483647;
			files = (
			);
			runOnlyForDeploymentPostprocessing = 0;
		};
/* End PBXFrameworksBuildPhase section */

/* Begin PBXGroup section */
		C200421A2678FCD200DE5CA6 /* JavaScript */ = {
			isa = PBXGroup;
			children = (
				C200421B2678FCE100DE5CA6 /* EventListeners */,
			);
			path = JavaScript;
			sourceTree = "<group>";
		};
		C200421B2678FCE100DE5CA6 /* EventListeners */ = {
			isa = PBXGroup;
			children = (
				C200421C2678FD0200DE5CA6 /* JS+Auth.swift */,
			);
			path = EventListeners;
			sourceTree = "<group>";
		};
		C2004222267919D400DE5CA6 /* UI */ = {
			isa = PBXGroup;
			children = (
				C2004223267919E300DE5CA6 /* BackButton.swift */,
			);
			path = UI;
			sourceTree = "<group>";
		};
		C200422526791BFB00DE5CA6 /* Settings */ = {
			isa = PBXGroup;
			children = (
				C200422D267A2A3D00DE5CA6 /* Settings.swift */,
				C2004232267A2A7F00DE5CA6 /* Keys.swift */,
				C200422F267A2A4E00DE5CA6 /* Defaults */,
				C200422626791C0100DE5CA6 /* Includes */,
			);
			path = Settings;
			sourceTree = "<group>";
		};
		C200422626791C0100DE5CA6 /* Includes */ = {
			isa = PBXGroup;
			children = (
			);
			path = Includes;
			sourceTree = "<group>";
		};
		C2004227267A280700DE5CA6 /* Legacy */ = {
			isa = PBXGroup;
			children = (
				C2004228267A283A00DE5CA6 /* LegacyStyles.swift */,
			);
			path = Legacy;
			sourceTree = "<group>";
		};
		C200422A267A28CF00DE5CA6 /* Theme */ = {
			isa = PBXGroup;
			children = (
				C200422B267A28FD00DE5CA6 /* Theme.swift */,
			);
			path = Theme;
			sourceTree = "<group>";
		};
		C200422F267A2A4E00DE5CA6 /* Defaults */ = {
			isa = PBXGroup;
			children = (
				C2004230267A2A5800DE5CA6 /* DefaultsManager.swift */,
			);
			path = Defaults;
			sourceTree = "<group>";
		};
		C2A9239A2672687D009638C2 = {
			isa = PBXGroup;
			children = (
				C2A923A52672687D009638C2 /* Ultra */,
				C2A923A42672687D009638C2 /* Products */,
			);
			sourceTree = "<group>";
		};
		C2A923A42672687D009638C2 /* Products */ = {
			isa = PBXGroup;
			children = (
				C2A923A32672687D009638C2 /* Ultra.app */,
			);
			name = Products;
			sourceTree = "<group>";
		};
		C2A923A52672687D009638C2 /* Ultra */ = {
			isa = PBXGroup;
			children = (
				C2A923A62672687D009638C2 /* AppDelegate.swift */,
				C2A923A82672687D009638C2 /* ViewController.swift */,
				C2A923B626726960009638C2 /* WindowController.swift */,
				C2A923CC26727A43009638C2 /* CoreController */,
				C2A923C526726D6D009638C2 /* CoreFX */,
				C200421A2678FCD200DE5CA6 /* JavaScript */,
				C2A923BA26726C3C009638C2 /* WebKit */,
				C200422526791BFB00DE5CA6 /* Settings */,
				C2A923AA2672687F009638C2 /* Assets.xcassets */,
				C2A923AC2672687F009638C2 /* Main.storyboard */,
				C2A923AF2672687F009638C2 /* Info.plist */,
				C2A923B02672687F009638C2 /* Ultra.entitlements */,
				C2A923CB26727847009638C2 /* TypeSwift */,
				C2B55C072687B27F00BF9A33 /* WebContent */,
			);
			path = Ultra;
			sourceTree = "<group>";
		};
		C2A923BA26726C3C009638C2 /* WebKit */ = {
			isa = PBXGroup;
			children = (
				C2A923BD26726CB7009638C2 /* Configuration */,
				C2A923C626726F09009638C2 /* Extensions */,
				C2A923BE26726CC6009638C2 /* Observers */,
			);
			path = WebKit;
			sourceTree = "<group>";
		};
		C2A923BD26726CB7009638C2 /* Configuration */ = {
			isa = PBXGroup;
			children = (
				C2A923C326726D03009638C2 /* AMService.swift */,
				C2A923C126726CEB009638C2 /* WKClient.swift */,
				C2A923BB26726C54009638C2 /* WKConfiguration.swift */,
			);
			path = Configuration;
			sourceTree = "<group>";
		};
		C2A923BE26726CC6009638C2 /* Observers */ = {
			isa = PBXGroup;
			children = (
				C2A923BF26726CD3009638C2 /* URLDidChange.swift */,
			);
			path = Observers;
			sourceTree = "<group>";
		};
		C2A923C526726D6D009638C2 /* CoreFX */ = {
			isa = PBXGroup;
			children = (
				C2B55C032687B0D200BF9A33 /* Customizer */,
				C200422A267A28CF00DE5CA6 /* Theme */,
				C2004227267A280700DE5CA6 /* Legacy */,
				C2A923B826726B2C009638C2 /* FXView.swift */,
			);
			path = CoreFX;
			sourceTree = "<group>";
		};
		C2A923C626726F09009638C2 /* Extensions */ = {
			isa = PBXGroup;
			children = (
				C2A923C726726F14009638C2 /* WKExtensions.swift */,
				C2A923C926726F2D009638C2 /* WKCache.swift */,
			);
			path = Extensions;
			sourceTree = "<group>";
		};
		C2A923CB26727847009638C2 /* TypeSwift */ = {
			isa = PBXGroup;
			children = (
				C2A923CD26727A8A009638C2 /* TypeSwift.swift */,
				C2A923D226727CFF009638C2 /* Configuration */,
				C2A923DF267283EB009638C2 /* Extensions */,
				C2A923CF26727CB6009638C2 /* Helpers */,
				C2A923D926727EE1009638C2 /* dist */,
			);
			path = TypeSwift;
			sourceTree = "<group>";
		};
		C2A923CC26727A43009638C2 /* CoreController */ = {
			isa = PBXGroup;
			children = (
				C2004222267919D400DE5CA6 /* UI */,
				C2A923DC267283B2009638C2 /* Menu */,
			);
			path = CoreController;
			sourceTree = "<group>";
		};
		C2A923CF26727CB6009638C2 /* Helpers */ = {
			isa = PBXGroup;
			children = (
				C2A923D026727CD7009638C2 /* TSUtility.swift */,
				C2A923D526727E06009638C2 /* JSUtility.swift */,
			);
			path = Helpers;
			sourceTree = "<group>";
		};
		C2A923D226727CFF009638C2 /* Configuration */ = {
			isa = PBXGroup;
			children = (
				C2A923D326727D0D009638C2 /* TSConfig.swift */,
			);
			path = Configuration;
			sourceTree = "<group>";
		};
		C2A923DC267283B2009638C2 /* Menu */ = {
			isa = PBXGroup;
			children = (
				C2A923DD267283BD009638C2 /* DebugMenu.swift */,
			);
			path = Menu;
			sourceTree = "<group>";
		};
		C2A923DF267283EB009638C2 /* Extensions */ = {
			isa = PBXGroup;
			children = (
				C2A923E02672840A009638C2 /* WK+JavaScript.swift */,
			);
			path = Extensions;
			sourceTree = "<group>";
		};
		C2B55C032687B0D200BF9A33 /* Customizer */ = {
			isa = PBXGroup;
			children = (
				C2B55C042687B0EB00BF9A33 /* CustomizerViewController.swift */,
			);
			path = Customizer;
			sourceTree = "<group>";
		};
/* End PBXGroup section */

/* Begin PBXNativeTarget section */
		C2A923A22672687D009638C2 /* Ultra */ = {
			isa = PBXNativeTarget;
			buildConfigurationList = C2A923B32672687F009638C2 /* Build configuration list for PBXNativeTarget "Ultra" */;
			buildPhases = (
				C2A9239F2672687D009638C2 /* Sources */,
				C2A923A02672687D009638C2 /* Frameworks */,
				C2A923A12672687D009638C2 /* Resources */,
			);
			buildRules = (
			);
			dependencies = (
			);
			name = Ultra;
			productName = Ultra;
			productReference = C2A923A32672687D009638C2 /* Ultra.app */;
			productType = "com.apple.product-type.application";
		};
/* End PBXNativeTarget section */

/* Begin PBXProject section */
		C2A9239B2672687D009638C2 /* Project object */ = {
			isa = PBXProject;
			attributes = {
				LastSwiftUpdateCheck = 1250;
				LastUpgradeCheck = 1250;
				TargetAttributes = {
					C2A923A22672687D009638C2 = {
						CreatedOnToolsVersion = 12.5;
					};
				};
			};
			buildConfigurationList = C2A9239E2672687D009638C2 /* Build configuration list for PBXProject "Ultra" */;
			compatibilityVersion = "Xcode 9.3";
			developmentRegion = en;
			hasScannedForEncodings = 0;
			knownRegions = (
				en,
				Base,
			);
			mainGroup = C2A9239A2672687D009638C2;
			productRefGroup = C2A923A42672687D009638C2 /* Products */;
			projectDirPath = "";
			projectRoot = "";
			targets = (
				C2A923A22672687D009638C2 /* Ultra */,
			);
		};
/* End PBXProject section */

/* Begin PBXResourcesBuildPhase section */
		C2A923A12672687D009638C2 /* Resources */ = {
			isa = PBXResourcesBuildPhase;
			buildActionMask = 2147483647;
			files = (
				C2A923DA26727EE1009638C2 /* dist in Resources */,
				C2A923AB2672687F009638C2 /* Assets.xcassets in Resources */,
				C2A923AE2672687F009638C2 /* Main.storyboard in Resources */,
				C2B55C082687B27F00BF9A33 /* WebContent in Resources */,
			);
			runOnlyForDeploymentPostprocessing = 0;
		};
/* End PBXResourcesBuildPhase section */

/* Begin PBXSourcesBuildPhase section */
		C2A9239F2672687D009638C2 /* Sources */ = {
			isa = PBXSourcesBuildPhase;
			buildActionMask = 2147483647;
			files = (
				C2A923CA26726F2D009638C2 /* WKCache.swift in Sources */,
				C2A923D126727CD7009638C2 /* TSUtility.swift in Sources */,
				C2A923E12672840A009638C2 /* WK+JavaScript.swift in Sources */,
				C200421D2678FD0200DE5CA6 /* JS+Auth.swift in Sources */,
				C2004233267A2A7F00DE5CA6 /* Keys.swift in Sources */,
				C2A923B926726B2C009638C2 /* FXView.swift in Sources */,
				C2A923CE26727A8A009638C2 /* TypeSwift.swift in Sources */,
				C2A923C426726D03009638C2 /* AMService.swift in Sources */,
				C2A923D626727E06009638C2 /* JSUtility.swift in Sources */,
				C2A923A92672687D009638C2 /* ViewController.swift in Sources */,
				C2A923D426727D0D009638C2 /* TSConfig.swift in Sources */,
				C2A923BC26726C54009638C2 /* WKConfiguration.swift in Sources */,
				C2A923C226726CEB009638C2 /* WKClient.swift in Sources */,
				C2004229267A283A00DE5CA6 /* LegacyStyles.swift in Sources */,
				C2A923B726726960009638C2 /* WindowController.swift in Sources */,
				C2A923DE267283BD009638C2 /* DebugMenu.swift in Sources */,
				C2004224267919E300DE5CA6 /* BackButton.swift in Sources */,
				C2A923C826726F14009638C2 /* WKExtensions.swift in Sources */,
				C2B55C052687B0EB00BF9A33 /* CustomizerViewController.swift in Sources */,
				C200422C267A28FD00DE5CA6 /* Theme.swift in Sources */,
				C200422E267A2A3D00DE5CA6 /* Settings.swift in Sources */,
				C2004231267A2A5800DE5CA6 /* DefaultsManager.swift in Sources */,
				C2A923A72672687D009638C2 /* AppDelegate.swift in Sources */,
				C2A923C026726CD3009638C2 /* URLDidChange.swift in Sources */,
			);
			runOnlyForDeploymentPostprocessing = 0;
		};
/* End PBXSourcesBuildPhase section */

/* Begin PBXVariantGroup section */
		C2A923AC2672687F009638C2 /* Main.storyboard */ = {
			isa = PBXVariantGroup;
			children = (
				C2A923AD2672687F009638C2 /* Base */,
			);
			name = Main.storyboard;
			sourceTree = "<group>";
		};
/* End PBXVariantGroup section */

/* Begin XCBuildConfiguration section */
		C2A923B12672687F009638C2 /* Debug */ = {
			isa = XCBuildConfiguration;
			buildSettings = {
				ALWAYS_SEARCH_USER_PATHS = NO;
				CLANG_ANALYZER_NONNULL = YES;
				CLANG_ANALYZER_NUMBER_OBJECT_CONVERSION = YES_AGGRESSIVE;
				CLANG_CXX_LANGUAGE_STANDARD = "gnu++14";
				CLANG_CXX_LIBRARY = "libc++";
				CLANG_ENABLE_MODULES = YES;
				CLANG_ENABLE_OBJC_ARC = YES;
				CLANG_ENABLE_OBJC_WEAK = YES;
				CLANG_WARN_BLOCK_CAPTURE_AUTORELEASING = YES;
				CLANG_WARN_BOOL_CONVERSION = YES;
				CLANG_WARN_COMMA = YES;
				CLANG_WARN_CONSTANT_CONVERSION = YES;
				CLANG_WARN_DEPRECATED_OBJC_IMPLEMENTATIONS = YES;
				CLANG_WARN_DIRECT_OBJC_ISA_USAGE = YES_ERROR;
				CLANG_WARN_DOCUMENTATION_COMMENTS = YES;
				CLANG_WARN_EMPTY_BODY = YES;
				CLANG_WARN_ENUM_CONVERSION = YES;
				CLANG_WARN_INFINITE_RECURSION = YES;
				CLANG_WARN_INT_CONVERSION = YES;
				CLANG_WARN_NON_LITERAL_NULL_CONVERSION = YES;
				CLANG_WARN_OBJC_IMPLICIT_RETAIN_SELF = YES;
				CLANG_WARN_OBJC_LITERAL_CONVERSION = YES;
				CLANG_WARN_OBJC_ROOT_CLASS = YES_ERROR;
				CLANG_WARN_QUOTED_INCLUDE_IN_FRAMEWORK_HEADER = YES;
				CLANG_WARN_RANGE_LOOP_ANALYSIS = YES;
				CLANG_WARN_STRICT_PROTOTYPES = YES;
				CLANG_WARN_SUSPICIOUS_MOVE = YES;
				CLANG_WARN_UNGUARDED_AVAILABILITY = YES_AGGRESSIVE;
				CLANG_WARN_UNREACHABLE_CODE = YES;
				CLANG_WARN__DUPLICATE_METHOD_MATCH = YES;
				COPY_PHASE_STRIP = NO;
				DEBUG_INFORMATION_FORMAT = dwarf;
				ENABLE_STRICT_OBJC_MSGSEND = YES;
				ENABLE_TESTABILITY = YES;
				GCC_C_LANGUAGE_STANDARD = gnu11;
				GCC_DYNAMIC_NO_PIC = NO;
				GCC_NO_COMMON_BLOCKS = YES;
				GCC_OPTIMIZATION_LEVEL = 0;
				GCC_PREPROCESSOR_DEFINITIONS = (
					"DEBUG=1",
					"$(inherited)",
				);
				GCC_WARN_64_TO_32_BIT_CONVERSION = YES;
				GCC_WARN_ABOUT_RETURN_TYPE = YES_ERROR;
				GCC_WARN_UNDECLARED_SELECTOR = YES;
				GCC_WARN_UNINITIALIZED_AUTOS = YES_AGGRESSIVE;
				GCC_WARN_UNUSED_FUNCTION = YES;
				GCC_WARN_UNUSED_VARIABLE = YES;
				MACOSX_DEPLOYMENT_TARGET = 11.3;
				MTL_ENABLE_DEBUG_INFO = INCLUDE_SOURCE;
				MTL_FAST_MATH = YES;
				ONLY_ACTIVE_ARCH = YES;
				SDKROOT = macosx;
				SWIFT_ACTIVE_COMPILATION_CONDITIONS = DEBUG;
				SWIFT_OPTIMIZATION_LEVEL = "-Onone";
			};
			name = Debug;
		};
		C2A923B22672687F009638C2 /* Release */ = {
			isa = XCBuildConfiguration;
			buildSettings = {
				ALWAYS_SEARCH_USER_PATHS = NO;
				CLANG_ANALYZER_NONNULL = YES;
				CLANG_ANALYZER_NUMBER_OBJECT_CONVERSION = YES_AGGRESSIVE;
				CLANG_CXX_LANGUAGE_STANDARD = "gnu++14";
				CLANG_CXX_LIBRARY = "libc++";
				CLANG_ENABLE_MODULES = YES;
				CLANG_ENABLE_OBJC_ARC = YES;
				CLANG_ENABLE_OBJC_WEAK = YES;
				CLANG_WARN_BLOCK_CAPTURE_AUTORELEASING = YES;
				CLANG_WARN_BOOL_CONVERSION = YES;
				CLANG_WARN_COMMA = YES;
				CLANG_WARN_CONSTANT_CONVERSION = YES;
				CLANG_WARN_DEPRECATED_OBJC_IMPLEMENTATIONS = YES;
				CLANG_WARN_DIRECT_OBJC_ISA_USAGE = YES_ERROR;
				CLANG_WARN_DOCUMENTATION_COMMENTS = YES;
				CLANG_WARN_EMPTY_BODY = YES;
				CLANG_WARN_ENUM_CONVERSION = YES;
				CLANG_WARN_INFINITE_RECURSION = YES;
				CLANG_WARN_INT_CONVERSION = YES;
				CLANG_WARN_NON_LITERAL_NULL_CONVERSION = YES;
				CLANG_WARN_OBJC_IMPLICIT_RETAIN_SELF = YES;
				CLANG_WARN_OBJC_LITERAL_CONVERSION = YES;
				CLANG_WARN_OBJC_ROOT_CLASS = YES_ERROR;
				CLANG_WARN_QUOTED_INCLUDE_IN_FRAMEWORK_HEADER = YES;
				CLANG_WARN_RANGE_LOOP_ANALYSIS = YES;
				CLANG_WARN_STRICT_PROTOTYPES = YES;
				CLANG_WARN_SUSPICIOUS_MOVE = YES;
				CLANG_WARN_UNGUARDED_AVAILABILITY = YES_AGGRESSIVE;
				CLANG_WARN_UNREACHABLE_CODE = YES;
				CLANG_WARN__DUPLICATE_METHOD_MATCH = YES;
				COPY_PHASE_STRIP = NO;
				DEBUG_INFORMATION_FORMAT = "dwarf-with-dsym";
				ENABLE_NS_ASSERTIONS = NO;
				ENABLE_STRICT_OBJC_MSGSEND = YES;
				GCC_C_LANGUAGE_STANDARD = gnu11;
				GCC_NO_COMMON_BLOCKS = YES;
				GCC_WARN_64_TO_32_BIT_CONVERSION = YES;
				GCC_WARN_ABOUT_RETURN_TYPE = YES_ERROR;
				GCC_WARN_UNDECLARED_SELECTOR = YES;
				GCC_WARN_UNINITIALIZED_AUTOS = YES_AGGRESSIVE;
				GCC_WARN_UNUSED_FUNCTION = YES;
				GCC_WARN_UNUSED_VARIABLE = YES;
				MACOSX_DEPLOYMENT_TARGET = 11.3;
				MTL_ENABLE_DEBUG_INFO = NO;
				MTL_FAST_MATH = YES;
				SDKROOT = macosx;
				SWIFT_COMPILATION_MODE = wholemodule;
				SWIFT_OPTIMIZATION_LEVEL = "-O";
			};
			name = Release;
		};
		C2A923B42672687F009638C2 /* Debug */ = {
			isa = XCBuildConfiguration;
			buildSettings = {
				ASSETCATALOG_COMPILER_APPICON_NAME = AppIcon;
				ASSETCATALOG_COMPILER_GLOBAL_ACCENT_COLOR_NAME = AccentColor;
				CODE_SIGN_ENTITLEMENTS = Ultra/Ultra.entitlements;
				CODE_SIGN_STYLE = Automatic;
				COMBINE_HIDPI_IMAGES = YES;
				CURRENT_PROJECT_VERSION = 2000;
				DEVELOPMENT_TEAM = 85N3S3DG8M;
				ENABLE_HARDENED_RUNTIME = YES;
				INFOPLIST_FILE = Ultra/Info.plist;
				LD_RUNPATH_SEARCH_PATHS = (
					"$(inherited)",
					"@executable_path/../Frameworks",
				);
				MACOSX_DEPLOYMENT_TARGET = 10.12;
				MARKETING_VERSION = 0.0.2;
				PRODUCT_BUNDLE_IDENTIFIER = ca.justinbush.Ultra;
				PRODUCT_NAME = "$(TARGET_NAME)";
				SWIFT_VERSION = 5.0;
			};
			name = Debug;
		};
		C2A923B52672687F009638C2 /* Release */ = {
			isa = XCBuildConfiguration;
			buildSettings = {
				ASSETCATALOG_COMPILER_APPICON_NAME = AppIcon;
				ASSETCATALOG_COMPILER_GLOBAL_ACCENT_COLOR_NAME = AccentColor;
				CODE_SIGN_ENTITLEMENTS = Ultra/Ultra.entitlements;
				CODE_SIGN_STYLE = Automatic;
				COMBINE_HIDPI_IMAGES = YES;
				CURRENT_PROJECT_VERSION = 2000;
				DEVELOPMENT_TEAM = 85N3S3DG8M;
				ENABLE_HARDENED_RUNTIME = YES;
				INFOPLIST_FILE = Ultra/Info.plist;
				LD_RUNPATH_SEARCH_PATHS = (
					"$(inherited)",
					"@executable_path/../Frameworks",
				);
				MACOSX_DEPLOYMENT_TARGET = 10.12;
				MARKETING_VERSION = 0.0.2;
				PRODUCT_BUNDLE_IDENTIFIER = ca.justinbush.Ultra;
				PRODUCT_NAME = "$(TARGET_NAME)";
				SWIFT_VERSION = 5.0;
			};
			name = Release;
		};
/* End XCBuildConfiguration section */

/* Begin XCConfigurationList section */
		C2A9239E2672687D009638C2 /* Build configuration list for PBXProject "Ultra" */ = {
			isa = XCConfigurationList;
			buildConfigurations = (
				C2A923B12672687F009638C2 /* Debug */,
				C2A923B22672687F009638C2 /* Release */,
			);
			defaultConfigurationIsVisible = 0;
			defaultConfigurationName = Release;
		};
		C2A923B32672687F009638C2 /* Build configuration list for PBXNativeTarget "Ultra" */ = {
			isa = XCConfigurationList;
			buildConfigurations = (
				C2A923B42672687F009638C2 /* Debug */,
				C2A923B52672687F009638C2 /* Release */,
			);
			defaultConfigurationIsVisible = 0;
			defaultConfigurationName = Release;
		};
/* End XCConfigurationList section */
	};
	rootObject = C2A9239B2672687D009638C2 /* Project object */;
}
