// !$*UTF8*$!
{
	archiveVersion = 1;
	classes = {
	};
	objectVersion = 50;
	objects = {

/* Begin PBXBuildFile section */
		C233443525E7CA67003A3776 /* AppDelegate.swift in Sources */ = {isa = PBXBuildFile; fileRef = C233443425E7CA67003A3776 /* AppDelegate.swift */; };
		C233443725E7CA67003A3776 /* ViewController.swift in Sources */ = {isa = PBXBuildFile; fileRef = C233443625E7CA67003A3776 /* ViewController.swift */; };
		C233443925E7CA68003A3776 /* Assets.xcassets in Resources */ = {isa = PBXBuildFile; fileRef = C233443825E7CA68003A3776 /* Assets.xcassets */; };
		C233443C25E7CA68003A3776 /* Main.storyboard in Resources */ = {isa = PBXBuildFile; fileRef = C233443A25E7CA68003A3776 /* Main.storyboard */; };
		C2A5E8DB25E7CCB70053D128 /* WindowController.swift in Sources */ = {isa = PBXBuildFile; fileRef = C2A5E8DA25E7CCB70053D128 /* WindowController.swift */; };
		C2A5E8E025E7CD920053D128 /* WKConfiguration.swift in Sources */ = {isa = PBXBuildFile; fileRef = C2A5E8DF25E7CD920053D128 /* WKConfiguration.swift */; };
		C2A5E8E525E7CDF10053D128 /* WKExtensions.swift in Sources */ = {isa = PBXBuildFile; fileRef = C2A5E8E425E7CDF10053D128 /* WKExtensions.swift */; };
		C2A5E8E925E7CE4E0053D128 /* URLExtensions.swift in Sources */ = {isa = PBXBuildFile; fileRef = C2A5E8E825E7CE4E0053D128 /* URLExtensions.swift */; };
		C2A5E8EC25E7CE880053D128 /* StringExtensions.swift in Sources */ = {isa = PBXBuildFile; fileRef = C2A5E8EB25E7CE880053D128 /* StringExtensions.swift */; };
/* End PBXBuildFile section */

/* Begin PBXFileReference section */
		C233443125E7CA67003A3776 /* Ultra.app */ = {isa = PBXFileReference; explicitFileType = wrapper.application; includeInIndex = 0; path = Ultra.app; sourceTree = BUILT_PRODUCTS_DIR; };
		C233443425E7CA67003A3776 /* AppDelegate.swift */ = {isa = PBXFileReference; lastKnownFileType = sourcecode.swift; path = AppDelegate.swift; sourceTree = "<group>"; };
		C233443625E7CA67003A3776 /* ViewController.swift */ = {isa = PBXFileReference; lastKnownFileType = sourcecode.swift; path = ViewController.swift; sourceTree = "<group>"; };
		C233443825E7CA68003A3776 /* Assets.xcassets */ = {isa = PBXFileReference; lastKnownFileType = folder.assetcatalog; path = Assets.xcassets; sourceTree = "<group>"; };
		C233443B25E7CA68003A3776 /* Base */ = {isa = PBXFileReference; lastKnownFileType = file.storyboard; name = Base; path = Base.lproj/Main.storyboard; sourceTree = "<group>"; };
		C233443D25E7CA68003A3776 /* Info.plist */ = {isa = PBXFileReference; lastKnownFileType = text.plist.xml; path = Info.plist; sourceTree = "<group>"; };
		C233443E25E7CA68003A3776 /* Ultra.entitlements */ = {isa = PBXFileReference; lastKnownFileType = text.plist.entitlements; path = Ultra.entitlements; sourceTree = "<group>"; };
		C2A5E8DA25E7CCB70053D128 /* WindowController.swift */ = {isa = PBXFileReference; lastKnownFileType = sourcecode.swift; path = WindowController.swift; sourceTree = "<group>"; };
		C2A5E8DF25E7CD920053D128 /* WKConfiguration.swift */ = {isa = PBXFileReference; lastKnownFileType = sourcecode.swift; path = WKConfiguration.swift; sourceTree = "<group>"; };
		C2A5E8E425E7CDF10053D128 /* WKExtensions.swift */ = {isa = PBXFileReference; lastKnownFileType = sourcecode.swift; name = WKExtensions.swift; path = ../../../../WKExtensions.swift; sourceTree = "<group>"; };
		C2A5E8E825E7CE4E0053D128 /* URLExtensions.swift */ = {isa = PBXFileReference; lastKnownFileType = sourcecode.swift; name = URLExtensions.swift; path = ../../../../URLExtensions.swift; sourceTree = "<group>"; };
		C2A5E8EB25E7CE880053D128 /* StringExtensions.swift */ = {isa = PBXFileReference; lastKnownFileType = sourcecode.swift; name = StringExtensions.swift; path = ../../../../StringExtensions.swift; sourceTree = "<group>"; };
/* End PBXFileReference section */

/* Begin PBXFrameworksBuildPhase section */
		C233442E25E7CA67003A3776 /* Frameworks */ = {
			isa = PBXFrameworksBuildPhase;
			buildActionMask = 2147483647;
			files = (
			);
			runOnlyForDeploymentPostprocessing = 0;
		};
/* End PBXFrameworksBuildPhase section */

/* Begin PBXGroup section */
		C233442825E7CA67003A3776 = {
			isa = PBXGroup;
			children = (
				C233443325E7CA67003A3776 /* Ultra */,
				C233443225E7CA67003A3776 /* Products */,
			);
			sourceTree = "<group>";
		};
		C233443225E7CA67003A3776 /* Products */ = {
			isa = PBXGroup;
			children = (
				C233443125E7CA67003A3776 /* Ultra.app */,
			);
			name = Products;
			sourceTree = "<group>";
		};
		C233443325E7CA67003A3776 /* Ultra */ = {
			isa = PBXGroup;
			children = (
				C233443425E7CA67003A3776 /* AppDelegate.swift */,
				C2A5E8DA25E7CCB70053D128 /* WindowController.swift */,
				C233443625E7CA67003A3776 /* ViewController.swift */,
				C2A5E8E225E7CDDF0053D128 /* Includes */,
				C2A5E8DD25E7CD400053D128 /* Main */,
				C233443825E7CA68003A3776 /* Assets.xcassets */,
				C233443A25E7CA68003A3776 /* Main.storyboard */,
				C233443D25E7CA68003A3776 /* Info.plist */,
				C233443E25E7CA68003A3776 /* Ultra.entitlements */,
			);
			path = Ultra;
			sourceTree = "<group>";
		};
		C2A5E8DD25E7CD400053D128 /* Main */ = {
			isa = PBXGroup;
			children = (
				C2A5E8DE25E7CD7C0053D128 /* WebView */,
			);
			path = Main;
			sourceTree = "<group>";
		};
		C2A5E8DE25E7CD7C0053D128 /* WebView */ = {
			isa = PBXGroup;
			children = (
				C2A5E8DF25E7CD920053D128 /* WKConfiguration.swift */,
			);
			path = WebView;
			sourceTree = "<group>";
		};
		C2A5E8E225E7CDDF0053D128 /* Includes */ = {
			isa = PBXGroup;
			children = (
				C2A5E8E325E7CDE50053D128 /* Extensions */,
			);
			path = Includes;
			sourceTree = "<group>";
		};
		C2A5E8E325E7CDE50053D128 /* Extensions */ = {
			isa = PBXGroup;
			children = (
				C2A5E8E425E7CDF10053D128 /* WKExtensions.swift */,
				C2A5E8E825E7CE4E0053D128 /* URLExtensions.swift */,
				C2A5E8EB25E7CE880053D128 /* StringExtensions.swift */,
			);
			path = Extensions;
			sourceTree = "<group>";
		};
/* End PBXGroup section */

/* Begin PBXNativeTarget section */
		C233443025E7CA67003A3776 /* Ultra */ = {
			isa = PBXNativeTarget;
			buildConfigurationList = C233444125E7CA68003A3776 /* Build configuration list for PBXNativeTarget "Ultra" */;
			buildPhases = (
				C233442D25E7CA67003A3776 /* Sources */,
				C233442E25E7CA67003A3776 /* Frameworks */,
				C233442F25E7CA67003A3776 /* Resources */,
			);
			buildRules = (
			);
			dependencies = (
			);
			name = Ultra;
			productName = Ultra;
			productReference = C233443125E7CA67003A3776 /* Ultra.app */;
			productType = "com.apple.product-type.application";
		};
/* End PBXNativeTarget section */

/* Begin PBXProject section */
		C233442925E7CA67003A3776 /* Project object */ = {
			isa = PBXProject;
			attributes = {
				LastSwiftUpdateCheck = 1240;
				LastUpgradeCheck = 1240;
				TargetAttributes = {
					C233443025E7CA67003A3776 = {
						CreatedOnToolsVersion = 12.4;
					};
				};
			};
			buildConfigurationList = C233442C25E7CA67003A3776 /* Build configuration list for PBXProject "Ultra" */;
			compatibilityVersion = "Xcode 9.3";
			developmentRegion = en;
			hasScannedForEncodings = 0;
			knownRegions = (
				en,
				Base,
			);
			mainGroup = C233442825E7CA67003A3776;
			productRefGroup = C233443225E7CA67003A3776 /* Products */;
			projectDirPath = "";
			projectRoot = "";
			targets = (
				C233443025E7CA67003A3776 /* Ultra */,
			);
		};
/* End PBXProject section */

/* Begin PBXResourcesBuildPhase section */
		C233442F25E7CA67003A3776 /* Resources */ = {
			isa = PBXResourcesBuildPhase;
			buildActionMask = 2147483647;
			files = (
				C233443925E7CA68003A3776 /* Assets.xcassets in Resources */,
				C233443C25E7CA68003A3776 /* Main.storyboard in Resources */,
			);
			runOnlyForDeploymentPostprocessing = 0;
		};
/* End PBXResourcesBuildPhase section */

/* Begin PBXSourcesBuildPhase section */
		C233442D25E7CA67003A3776 /* Sources */ = {
			isa = PBXSourcesBuildPhase;
			buildActionMask = 2147483647;
			files = (
				C233443725E7CA67003A3776 /* ViewController.swift in Sources */,
				C2A5E8E925E7CE4E0053D128 /* URLExtensions.swift in Sources */,
				C2A5E8DB25E7CCB70053D128 /* WindowController.swift in Sources */,
				C2A5E8EC25E7CE880053D128 /* StringExtensions.swift in Sources */,
				C2A5E8E025E7CD920053D128 /* WKConfiguration.swift in Sources */,
				C2A5E8E525E7CDF10053D128 /* WKExtensions.swift in Sources */,
				C233443525E7CA67003A3776 /* AppDelegate.swift in Sources */,
			);
			runOnlyForDeploymentPostprocessing = 0;
		};
/* End PBXSourcesBuildPhase section */

/* Begin PBXVariantGroup section */
		C233443A25E7CA68003A3776 /* Main.storyboard */ = {
			isa = PBXVariantGroup;
			children = (
				C233443B25E7CA68003A3776 /* Base */,
			);
			name = Main.storyboard;
			sourceTree = "<group>";
		};
/* End PBXVariantGroup section */

/* Begin XCBuildConfiguration section */
		C233443F25E7CA68003A3776 /* Debug */ = {
			isa = XCBuildConfiguration;
			buildSettings = {
				ALWAYS_SEARCH_USER_PATHS = NO;
				CLANG_ANALYZER_NONNULL = YES;
				CLANG_ANALYZER_NUMBER_OBJECT_CONVERSION = YES_AGGRESSIVE;
				CLANG_CXX_LANGUAGE_STANDARD = "gnu++14";
				CLANG_CXX_LIBRARY = "libc++";
				CLANG_ENABLE_MODULES = YES;
				CLANG_ENABLE_OBJC_ARC = YES;
				CLANG_ENABLE_OBJC_WEAK = YES;
				CLANG_WARN_BLOCK_CAPTURE_AUTORELEASING = YES;
				CLANG_WARN_BOOL_CONVERSION = YES;
				CLANG_WARN_COMMA = YES;
				CLANG_WARN_CONSTANT_CONVERSION = YES;
				CLANG_WARN_DEPRECATED_OBJC_IMPLEMENTATIONS = YES;
				CLANG_WARN_DIRECT_OBJC_ISA_USAGE = YES_ERROR;
				CLANG_WARN_DOCUMENTATION_COMMENTS = YES;
				CLANG_WARN_EMPTY_BODY = YES;
				CLANG_WARN_ENUM_CONVERSION = YES;
				CLANG_WARN_INFINITE_RECURSION = YES;
				CLANG_WARN_INT_CONVERSION = YES;
				CLANG_WARN_NON_LITERAL_NULL_CONVERSION = YES;
				CLANG_WARN_OBJC_IMPLICIT_RETAIN_SELF = YES;
				CLANG_WARN_OBJC_LITERAL_CONVERSION = YES;
				CLANG_WARN_OBJC_ROOT_CLASS = YES_ERROR;
				CLANG_WARN_QUOTED_INCLUDE_IN_FRAMEWORK_HEADER = YES;
				CLANG_WARN_RANGE_LOOP_ANALYSIS = YES;
				CLANG_WARN_STRICT_PROTOTYPES = YES;
				CLANG_WARN_SUSPICIOUS_MOVE = YES;
				CLANG_WARN_UNGUARDED_AVAILABILITY = YES_AGGRESSIVE;
				CLANG_WARN_UNREACHABLE_CODE = YES;
				CLANG_WARN__DUPLICATE_METHOD_MATCH = YES;
				COPY_PHASE_STRIP = NO;
				DEBUG_INFORMATION_FORMAT = dwarf;
				ENABLE_STRICT_OBJC_MSGSEND = YES;
				ENABLE_TESTABILITY = YES;
				GCC_C_LANGUAGE_STANDARD = gnu11;
				GCC_DYNAMIC_NO_PIC = NO;
				GCC_NO_COMMON_BLOCKS = YES;
				GCC_OPTIMIZATION_LEVEL = 0;
				GCC_PREPROCESSOR_DEFINITIONS = (
					"DEBUG=1",
					"$(inherited)",
				);
				GCC_WARN_64_TO_32_BIT_CONVERSION = YES;
				GCC_WARN_ABOUT_RETURN_TYPE = YES_ERROR;
				GCC_WARN_UNDECLARED_SELECTOR = YES;
				GCC_WARN_UNINITIALIZED_AUTOS = YES_AGGRESSIVE;
				GCC_WARN_UNUSED_FUNCTION = YES;
				GCC_WARN_UNUSED_VARIABLE = YES;
				MACOSX_DEPLOYMENT_TARGET = 11.1;
				MTL_ENABLE_DEBUG_INFO = INCLUDE_SOURCE;
				MTL_FAST_MATH = YES;
				ONLY_ACTIVE_ARCH = YES;
				SDKROOT = macosx;
				SWIFT_ACTIVE_COMPILATION_CONDITIONS = DEBUG;
				SWIFT_OPTIMIZATION_LEVEL = "-Onone";
			};
			name = Debug;
		};
		C233444025E7CA68003A3776 /* Release */ = {
			isa = XCBuildConfiguration;
			buildSettings = {
				ALWAYS_SEARCH_USER_PATHS = NO;
				CLANG_ANALYZER_NONNULL = YES;
				CLANG_ANALYZER_NUMBER_OBJECT_CONVERSION = YES_AGGRESSIVE;
				CLANG_CXX_LANGUAGE_STANDARD = "gnu++14";
				CLANG_CXX_LIBRARY = "libc++";
				CLANG_ENABLE_MODULES = YES;
				CLANG_ENABLE_OBJC_ARC = YES;
				CLANG_ENABLE_OBJC_WEAK = YES;
				CLANG_WARN_BLOCK_CAPTURE_AUTORELEASING = YES;
				CLANG_WARN_BOOL_CONVERSION = YES;
				CLANG_WARN_COMMA = YES;
				CLANG_WARN_CONSTANT_CONVERSION = YES;
				CLANG_WARN_DEPRECATED_OBJC_IMPLEMENTATIONS = YES;
				CLANG_WARN_DIRECT_OBJC_ISA_USAGE = YES_ERROR;
				CLANG_WARN_DOCUMENTATION_COMMENTS = YES;
				CLANG_WARN_EMPTY_BODY = YES;
				CLANG_WARN_ENUM_CONVERSION = YES;
				CLANG_WARN_INFINITE_RECURSION = YES;
				CLANG_WARN_INT_CONVERSION = YES;
				CLANG_WARN_NON_LITERAL_NULL_CONVERSION = YES;
				CLANG_WARN_OBJC_IMPLICIT_RETAIN_SELF = YES;
				CLANG_WARN_OBJC_LITERAL_CONVERSION = YES;
				CLANG_WARN_OBJC_ROOT_CLASS = YES_ERROR;
				CLANG_WARN_QUOTED_INCLUDE_IN_FRAMEWORK_HEADER = YES;
				CLANG_WARN_RANGE_LOOP_ANALYSIS = YES;
				CLANG_WARN_STRICT_PROTOTYPES = YES;
				CLANG_WARN_SUSPICIOUS_MOVE = YES;
				CLANG_WARN_UNGUARDED_AVAILABILITY = YES_AGGRESSIVE;
				CLANG_WARN_UNREACHABLE_CODE = YES;
				CLANG_WARN__DUPLICATE_METHOD_MATCH = YES;
				COPY_PHASE_STRIP = NO;
				DEBUG_INFORMATION_FORMAT = "dwarf-with-dsym";
				ENABLE_NS_ASSERTIONS = NO;
				ENABLE_STRICT_OBJC_MSGSEND = YES;
				GCC_C_LANGUAGE_STANDARD = gnu11;
				GCC_NO_COMMON_BLOCKS = YES;
				GCC_WARN_64_TO_32_BIT_CONVERSION = YES;
				GCC_WARN_ABOUT_RETURN_TYPE = YES_ERROR;
				GCC_WARN_UNDECLARED_SELECTOR = YES;
				GCC_WARN_UNINITIALIZED_AUTOS = YES_AGGRESSIVE;
				GCC_WARN_UNUSED_FUNCTION = YES;
				GCC_WARN_UNUSED_VARIABLE = YES;
				MACOSX_DEPLOYMENT_TARGET = 11.1;
				MTL_ENABLE_DEBUG_INFO = NO;
				MTL_FAST_MATH = YES;
				SDKROOT = macosx;
				SWIFT_COMPILATION_MODE = wholemodule;
				SWIFT_OPTIMIZATION_LEVEL = "-O";
			};
			name = Release;
		};
		C233444225E7CA68003A3776 /* Debug */ = {
			isa = XCBuildConfiguration;
			buildSettings = {
				ASSETCATALOG_COMPILER_APPICON_NAME = AppIcon;
				ASSETCATALOG_COMPILER_GLOBAL_ACCENT_COLOR_NAME = AccentColor;
				CODE_SIGN_ENTITLEMENTS = Ultra/Ultra.entitlements;
				CODE_SIGN_STYLE = Automatic;
				COMBINE_HIDPI_IMAGES = YES;
				CURRENT_PROJECT_VERSION = 2000;
				DEVELOPMENT_TEAM = 85N3S3DG8M;
				ENABLE_HARDENED_RUNTIME = YES;
				INFOPLIST_FILE = Ultra/Info.plist;
				LD_RUNPATH_SEARCH_PATHS = (
					"$(inherited)",
					"@executable_path/../Frameworks",
				);
				MACOSX_DEPLOYMENT_TARGET = 10.12;
				MARKETING_VERSION = 0.0.2;
				PRODUCT_BUNDLE_IDENTIFIER = io.muza.Ultra;
				PRODUCT_NAME = "$(TARGET_NAME)";
				SWIFT_VERSION = 5.0;
			};
			name = Debug;
		};
		C233444325E7CA68003A3776 /* Release */ = {
			isa = XCBuildConfiguration;
			buildSettings = {
				ASSETCATALOG_COMPILER_APPICON_NAME = AppIcon;
				ASSETCATALOG_COMPILER_GLOBAL_ACCENT_COLOR_NAME = AccentColor;
				CODE_SIGN_ENTITLEMENTS = Ultra/Ultra.entitlements;
				CODE_SIGN_STYLE = Automatic;
				COMBINE_HIDPI_IMAGES = YES;
				CURRENT_PROJECT_VERSION = 2000;
				DEVELOPMENT_TEAM = 85N3S3DG8M;
				ENABLE_HARDENED_RUNTIME = YES;
				INFOPLIST_FILE = Ultra/Info.plist;
				LD_RUNPATH_SEARCH_PATHS = (
					"$(inherited)",
					"@executable_path/../Frameworks",
				);
				MACOSX_DEPLOYMENT_TARGET = 10.12;
				MARKETING_VERSION = 0.0.2;
				PRODUCT_BUNDLE_IDENTIFIER = io.muza.Ultra;
				PRODUCT_NAME = "$(TARGET_NAME)";
				SWIFT_VERSION = 5.0;
			};
			name = Release;
		};
/* End XCBuildConfiguration section */

/* Begin XCConfigurationList section */
		C233442C25E7CA67003A3776 /* Build configuration list for PBXProject "Ultra" */ = {
			isa = XCConfigurationList;
			buildConfigurations = (
				C233443F25E7CA68003A3776 /* Debug */,
				C233444025E7CA68003A3776 /* Release */,
			);
			defaultConfigurationIsVisible = 0;
			defaultConfigurationName = Release;
		};
		C233444125E7CA68003A3776 /* Build configuration list for PBXNativeTarget "Ultra" */ = {
			isa = XCConfigurationList;
			buildConfigurations = (
				C233444225E7CA68003A3776 /* Debug */,
				C233444325E7CA68003A3776 /* Release */,
			);
			defaultConfigurationIsVisible = 0;
			defaultConfigurationName = Release;
		};
/* End XCConfigurationList section */
	};
	rootObject = C233442925E7CA67003A3776 /* Project object */;
}
